{
  "nodes": {
    "cloud-hypervisor": {
      "flake": false,
      "locked": {
        "lastModified": 1750171422,
        "narHash": "sha256-24EuCLFTj8B9GP3FbBdGIOufe0xdOspH9f+nibIFdsk=",
        "owner": "phip1611",
        "repo": "cloud-hypervisor",
        "rev": "0304d87fe80f0cae68c7cadc193480d5529f0596",
        "type": "github"
      },
      "original": {
        "owner": "phip1611",
        "ref": "network-fd-livemig",
        "repo": "cloud-hypervisor",
        "type": "github"
      }
    },
    "flake-utils": {
      "inputs": {
        "systems": "systems"
      },
      "locked": {
        "lastModified": 1731533236,
        "narHash": "sha256-l0KFg5HjrsfsO/JpG+r7fRrqm12kzFHyUHqHCVpMMbI=",
        "owner": "numtide",
        "repo": "flake-utils",
        "rev": "11707dc2f618dd54ca8739b309ec4fc024de578b",
        "type": "github"
      },
      "original": {
        "id": "flake-utils",
        "type": "indirect"
      }
    },
    "libvirt-src": {
      "flake": false,
      "locked": {
        "lastModified": 1750228897,
        "narHash": "sha256-mp1UE4RrBKwIUfuM3baDh0a5eO9icgym+xMQfV6oPYw=",
        "ref": "refs/heads/gardenlinux-dev",
        "rev": "ae1ead79de8ec6468e56f4920cb182ae8a2f27d5",
        "revCount": 52220,
        "submodules": true,
        "type": "git",
        "url": "file:/home/skober/repos/libvirt"
      },
      "original": {
        "submodules": true,
        "type": "git",
        "url": "file:/home/skober/repos/libvirt"
      }
    },
    "nixpkgs": {
      "locked": {
        "lastModified": 1749857119,
        "narHash": "sha256-tG5xUn3hFaPpAHYIvr2F88b+ovcIO5k1HqajFy7ZFPM=",
        "owner": "nixos",
        "repo": "nixpkgs",
        "rev": "5f4f306bea96741f1588ea4f450b2a2e29f42b98",
        "type": "github"
      },
      "original": {
        "owner": "nixos",
        "ref": "nixos-25.05",
        "repo": "nixpkgs",
        "type": "github"
      }
    },
    "nixpkgs-unstable": {
      "locked": {
        "lastModified": 1743448293,
        "narHash": "sha256-bmEPmSjJakAp/JojZRrUvNcDX2R5/nuX6bm+seVaGhs=",
        "owner": "nixos",
        "repo": "nixpkgs",
        "rev": "77b584d61ff80b4cef9245829a6f1dfad5afdfa3",
        "type": "github"
      },
      "original": {
        "owner": "nixos",
        "ref": "nixos-unstable",
        "repo": "nixpkgs",
        "type": "github"
      }
    },
    "root": {
      "inputs": {
        "cloud-hypervisor": "cloud-hypervisor",
        "flake-utils": "flake-utils",
        "libvirt-src": "libvirt-src",
        "nixpkgs": "nixpkgs",
        "nixpkgs-unstable": "nixpkgs-unstable"
      }
    },
    "systems": {
      "locked": {
        "lastModified": 1681028828,
        "narHash": "sha256-Vy1rq5AaRuLzOxct8nz4T6wlgyUR7zLU309k9mBC768=",
        "owner": "nix-systems",
        "repo": "default",
        "rev": "da67096a3b9bf56a91d16901293e51ba5b49a27e",
        "type": "github"
      },
      "original": {
        "owner": "nix-systems",
        "repo": "default",
        "type": "github"
      }
    }
  },
  "root": "root",
  "version": 7
}
